
Microsoft Visual Studio Solution File, Format Version 12.00
# Visual Studio 15
VisualStudioVersion = 15.0.28307.438
MinimumVisualStudioVersion = 10.0.40219.1
Project("{FAE04EC0-301F-11D3-BF4B-00C04F79EFBC}") = "ForumDataMigration", "ForumDataMigration\ForumDataMigration.csproj", "{05A22074-C7B5-402C-91E7-41BCA5DAEF9D}"
EndProject
Global
	GlobalSection(SolutionConfigurationPlatforms) = preSolution
		Debug|Any CPU = Debug|Any CPU
		Release|Any CPU = Release|Any CPU
	EndGlobalSection
	GlobalSection(ProjectConfigurationPlatforms) = postSolution
		{05A22074-C7B5-402C-91E7-41BCA5DAEF9D}.Debug|Any CPU.ActiveCfg = Debug|Any CPU
		{05A22074-C7B5-402C-91E7-41BCA5DAEF9D}.Debug|Any CPU.Build.0 = Debug|Any CPU
		{05A22074-C7B5-402C-91E7-41BCA5DAEF9D}.Release|Any CPU.ActiveCfg = Release|Any CPU
		{05A22074-C7B5-402C-91E7-41BCA5DAEF9D}.Release|Any CPU.Build.0 = Release|Any CPU
	EndGlobalSection
	GlobalSection(SolutionProperties) = preSolution
		HideSolutionNode = FALSE
	EndGlobalSection
	GlobalSection(ExtensibilityGlobals) = postSolution
		SolutionGuid = {799658B1-4CF6-456B-B8CF-5D8BAC6548FE}
	EndGlobalSection
EndGlobal
